{
  "version": 4,
  "terraform_version": "1.1.9",
  "serial": 110,
  "lineage": "636f1b3e-5406-a121-16cf-022888a351de",
  "outputs": {},
  "resources": [
    {
      "mode": "data",
      "type": "google_iam_policy",
      "name": "owner",
      "provider": "provider[\"registry.terraform.io/hashicorp/google\"]",
      "instances": [
        {
          "schema_version": 0,
          "attributes": {
            "audit_config": null,
            "binding": [
              {
                "condition": [],
                "members": [
                  "serviceAccount:jimmy-sa2@jimmy-gcp-348513.iam.gserviceaccount.com"
                ],
                "role": "roles/owner"
              }
            ],
            "id": "3084603223",
            "policy_data": "{\"bindings\":[{\"members\":[\"serviceAccount:jimmy-sa2@jimmy-gcp-348513.iam.gserviceaccount.com\"],\"role\":\"roles/owner\"}]}"
          },
          "sensitive_attributes": []
        }
      ]
    },
    {
      "mode": "managed",
      "type": "google_compute_firewall",
      "name": "jimmy-firewall-ssh",
      "provider": "provider[\"registry.terraform.io/hashicorp/google\"]",
      "instances": [
        {
          "schema_version": 1,
          "attributes": {
            "allow": [
              {
                "ports": [
                  "22"
                ],
                "protocol": "tcp"
              }
            ],
            "creation_timestamp": "2022-05-06T13:25:56.282-07:00",
            "deny": [],
            "description": "",
            "destination_ranges": [],
            "direction": "INGRESS",
            "disabled": false,
            "enable_logging": null,
            "id": "projects/jimmy-gcp-348513/global/firewalls/jimmy-firewall-ssh",
            "log_config": [],
            "name": "jimmy-firewall-ssh",
            "network": "https://www.googleapis.com/compute/v1/projects/jimmy-gcp-348513/global/networks/jimmy-vpc",
            "priority": 1000,
            "project": "jimmy-gcp-348513",
            "self_link": "https://www.googleapis.com/compute/v1/projects/jimmy-gcp-348513/global/firewalls/jimmy-firewall-ssh",
            "source_ranges": [
              "35.235.240.0/20"
            ],
            "source_service_accounts": [],
            "source_tags": [],
            "target_service_accounts": [],
            "target_tags": [
              "jimmy"
            ],
            "timeouts": null
          },
          "sensitive_attributes": [],
          "private": "eyJlMmJmYjczMC1lY2FhLTExZTYtOGY4OC0zNDM2M2JjN2M0YzAiOnsiY3JlYXRlIjoxMjAwMDAwMDAwMDAwLCJkZWxldGUiOjEyMDAwMDAwMDAwMDAsInVwZGF0ZSI6MTIwMDAwMDAwMDAwMH0sInNjaGVtYV92ZXJzaW9uIjoiMSJ9",
          "dependencies": [
            "google_compute_network.jimmy-vpc"
          ]
        }
      ]
    },
    {
      "mode": "managed",
      "type": "google_compute_instance",
      "name": "jimmy-private-vm",
      "provider": "provider[\"registry.terraform.io/hashicorp/google\"]",
      "instances": [
        {
          "schema_version": 6,
          "attributes": {
            "advanced_machine_features": [],
            "allow_stopping_for_update": true,
            "attached_disk": [],
            "boot_disk": [
              {
                "auto_delete": true,
                "device_name": "persistent-disk-0",
                "disk_encryption_key_raw": "",
                "disk_encryption_key_sha256": "",
                "initialize_params": [
                  {
                    "image": "https://www.googleapis.com/compute/v1/projects/debian-cloud/global/images/debian-9-stretch-v20220406",
                    "labels": {},
                    "size": 10,
                    "type": "pd-standard"
                  }
                ],
                "kms_key_self_link": "",
                "mode": "READ_WRITE",
                "source": "https://www.googleapis.com/compute/v1/projects/jimmy-gcp-348513/zones/us-east1-b/disks/jimmy-private-vm"
              }
            ],
            "can_ip_forward": false,
            "confidential_instance_config": [],
            "cpu_platform": "Intel Haswell",
            "current_status": "RUNNING",
            "deletion_protection": false,
            "description": "",
            "desired_status": null,
            "enable_display": false,
            "guest_accelerator": [],
            "hostname": "",
            "id": "projects/jimmy-gcp-348513/zones/us-east1-b/instances/jimmy-private-vm",
            "instance_id": "774345390745458669",
            "label_fingerprint": "42WmSpB8rSM=",
            "labels": {},
            "machine_type": "n1-standard-1",
            "metadata": {
              "name": "private-vm"
            },
            "metadata_fingerprint": "jyqDP4t8qGM=",
            "metadata_startup_script": null,
            "min_cpu_platform": "",
            "name": "jimmy-private-vm",
            "network_interface": [
              {
                "access_config": [],
                "alias_ip_range": [],
                "ipv6_access_config": [],
                "ipv6_access_type": "",
                "name": "nic0",
                "network": "https://www.googleapis.com/compute/v1/projects/jimmy-gcp-348513/global/networks/jimmy-vpc",
                "network_ip": "10.0.1.4",
                "nic_type": "",
                "queue_count": 0,
                "stack_type": "IPV4_ONLY",
                "subnetwork": "https://www.googleapis.com/compute/v1/projects/jimmy-gcp-348513/regions/us-east1/subnetworks/management-subnet",
                "subnetwork_project": "jimmy-gcp-348513"
              }
            ],
            "project": "jimmy-gcp-348513",
            "reservation_affinity": [],
            "resource_policies": [],
            "scheduling": [
              {
                "automatic_restart": true,
                "min_node_cpus": 0,
                "node_affinities": [],
                "on_host_maintenance": "MIGRATE",
                "preemptible": false,
                "provisioning_model": "STANDARD"
              }
            ],
            "scratch_disk": [
              {
                "interface": "SCSI"
              }
            ],
            "self_link": "https://www.googleapis.com/compute/v1/projects/jimmy-gcp-348513/zones/us-east1-b/instances/jimmy-private-vm",
            "service_account": [
              {
                "email": "jimmy-sa2@jimmy-gcp-348513.iam.gserviceaccount.com",
                "scopes": [
                  "https://www.googleapis.com/auth/cloud-platform"
                ]
              }
            ],
            "shielded_instance_config": [],
            "tags": [
              "jimmy"
            ],
            "tags_fingerprint": "QGDSUMi1yC4=",
            "timeouts": null,
            "zone": "us-east1-b"
          },
          "sensitive_attributes": [],
          "private": "eyJlMmJmYjczMC1lY2FhLTExZTYtOGY4OC0zNDM2M2JjN2M0YzAiOnsiY3JlYXRlIjoxMjAwMDAwMDAwMDAwLCJkZWxldGUiOjEyMDAwMDAwMDAwMDAsInVwZGF0ZSI6MTIwMDAwMDAwMDAwMH0sInNjaGVtYV92ZXJzaW9uIjoiNiJ9",
          "dependencies": [
            "google_service_account.jimmy-sa2"
          ]
        }
      ]
    },
    {
      "mode": "managed",
      "type": "google_compute_network",
      "name": "jimmy-vpc",
      "provider": "provider[\"registry.terraform.io/hashicorp/google\"]",
      "instances": [
        {
          "schema_version": 0,
          "attributes": {
            "auto_create_subnetworks": false,
            "delete_default_routes_on_create": false,
            "description": "",
            "gateway_ipv4": "",
            "id": "projects/jimmy-gcp-348513/global/networks/jimmy-vpc",
            "mtu": 1460,
            "name": "jimmy-vpc",
            "project": "jimmy-gcp-348513",
            "routing_mode": "REGIONAL",
            "self_link": "https://www.googleapis.com/compute/v1/projects/jimmy-gcp-348513/global/networks/jimmy-vpc",
            "timeouts": null
          },
          "sensitive_attributes": [],
          "private": "eyJlMmJmYjczMC1lY2FhLTExZTYtOGY4OC0zNDM2M2JjN2M0YzAiOnsiY3JlYXRlIjoxMjAwMDAwMDAwMDAwLCJkZWxldGUiOjEyMDAwMDAwMDAwMDAsInVwZGF0ZSI6MTIwMDAwMDAwMDAwMH19"
        }
      ]
    },
    {
      "mode": "managed",
      "type": "google_compute_router",
      "name": "jimmyy-router",
      "provider": "provider[\"registry.terraform.io/hashicorp/google\"]",
      "instances": [
        {
          "schema_version": 0,
          "attributes": {
            "bgp": [
              {
                "advertise_mode": "DEFAULT",
                "advertised_groups": [],
                "advertised_ip_ranges": [],
                "asn": 64514,
                "keepalive_interval": 20
              }
            ],
            "creation_timestamp": "2022-05-06T13:25:56.328-07:00",
            "description": "",
            "encrypted_interconnect_router": false,
            "id": "projects/jimmy-gcp-348513/regions/us-east1/routers/jimmyy-router",
            "name": "jimmyy-router",
            "network": "https://www.googleapis.com/compute/v1/projects/jimmy-gcp-348513/global/networks/jimmy-vpc",
            "project": "jimmy-gcp-348513",
            "region": "us-east1",
            "self_link": "https://www.googleapis.com/compute/v1/projects/jimmy-gcp-348513/regions/us-east1/routers/jimmyy-router",
            "timeouts": null
          },
          "sensitive_attributes": [],
          "private": "eyJlMmJmYjczMC1lY2FhLTExZTYtOGY4OC0zNDM2M2JjN2M0YzAiOnsiY3JlYXRlIjoxMjAwMDAwMDAwMDAwLCJkZWxldGUiOjEyMDAwMDAwMDAwMDAsInVwZGF0ZSI6MTIwMDAwMDAwMDAwMH19",
          "dependencies": [
            "google_compute_network.jimmy-vpc"
          ]
        }
      ]
    },
    {
      "mode": "managed",
      "type": "google_compute_router_nat",
      "name": "jimmy-nat",
      "provider": "provider[\"registry.terraform.io/hashicorp/google\"]",
      "instances": [
        {
          "schema_version": 0,
          "attributes": {
            "drain_nat_ips": [],
            "enable_endpoint_independent_mapping": true,
            "icmp_idle_timeout_sec": 30,
            "id": "jimmy-gcp-348513/us-east1/jimmyy-router/jimmy-nat",
            "log_config": [
              {
                "enable": true,
                "filter": "ERRORS_ONLY"
              }
            ],
            "min_ports_per_vm": 0,
            "name": "jimmy-nat",
            "nat_ip_allocate_option": "AUTO_ONLY",
            "nat_ips": [],
            "project": "jimmy-gcp-348513",
            "region": "us-east1",
            "router": "jimmyy-router",
            "source_subnetwork_ip_ranges_to_nat": "LIST_OF_SUBNETWORKS",
            "subnetwork": [
              {
                "name": "https://www.googleapis.com/compute/v1/projects/jimmy-gcp-348513/regions/us-east1/subnetworks/management-subnet",
                "secondary_ip_range_names": [],
                "source_ip_ranges_to_nat": [
                  "ALL_IP_RANGES"
                ]
              }
            ],
            "tcp_established_idle_timeout_sec": 1200,
            "tcp_transitory_idle_timeout_sec": 30,
            "timeouts": null,
            "udp_idle_timeout_sec": 30
          },
          "sensitive_attributes": [],
          "private": "eyJlMmJmYjczMC1lY2FhLTExZTYtOGY4OC0zNDM2M2JjN2M0YzAiOnsiY3JlYXRlIjoxMjAwMDAwMDAwMDAwLCJkZWxldGUiOjEyMDAwMDAwMDAwMDAsInVwZGF0ZSI6MTIwMDAwMDAwMDAwMH19",
          "dependencies": [
            "google_compute_network.jimmy-vpc",
            "google_compute_router.jimmyy-router",
            "google_compute_subnetwork.management-subnet"
          ]
        }
      ]
    },
    {
      "mode": "managed",
      "type": "google_compute_subnetwork",
      "name": "management-subnet",
      "provider": "provider[\"registry.terraform.io/hashicorp/google\"]",
      "instances": [
        {
          "schema_version": 0,
          "attributes": {
            "creation_timestamp": "2022-05-06T10:57:51.472-07:00",
            "description": "",
            "external_ipv6_prefix": "",
            "fingerprint": null,
            "gateway_address": "10.0.1.1",
            "id": "projects/jimmy-gcp-348513/regions/us-east1/subnetworks/management-subnet",
            "ip_cidr_range": "10.0.1.0/24",
            "ipv6_access_type": "",
            "ipv6_cidr_range": "",
            "log_config": [],
            "name": "management-subnet",
            "network": "https://www.googleapis.com/compute/v1/projects/jimmy-gcp-348513/global/networks/jimmy-vpc",
            "private_ip_google_access": false,
            "private_ipv6_google_access": "DISABLE_GOOGLE_ACCESS",
            "project": "jimmy-gcp-348513",
            "purpose": "PRIVATE",
            "region": "us-east1",
            "role": "",
            "secondary_ip_range": [],
            "self_link": "https://www.googleapis.com/compute/v1/projects/jimmy-gcp-348513/regions/us-east1/subnetworks/management-subnet",
            "stack_type": "IPV4_ONLY",
            "timeouts": null
          },
          "sensitive_attributes": [],
          "private": "eyJlMmJmYjczMC1lY2FhLTExZTYtOGY4OC0zNDM2M2JjN2M0YzAiOnsiY3JlYXRlIjoxMjAwMDAwMDAwMDAwLCJkZWxldGUiOjEyMDAwMDAwMDAwMDAsInVwZGF0ZSI6MTIwMDAwMDAwMDAwMH19",
          "dependencies": [
            "google_compute_network.jimmy-vpc"
          ]
        }
      ]
    },
    {
      "mode": "managed",
      "type": "google_compute_subnetwork",
      "name": "restricted-subnet",
      "provider": "provider[\"registry.terraform.io/hashicorp/google\"]",
      "instances": [
        {
          "schema_version": 0,
          "attributes": {
            "creation_timestamp": "2022-05-06T13:25:56.540-07:00",
            "description": "",
            "external_ipv6_prefix": "",
            "fingerprint": null,
            "gateway_address": "10.0.2.1",
            "id": "projects/jimmy-gcp-348513/regions/us-east1/subnetworks/restricted-subnet",
            "ip_cidr_range": "10.0.2.0/24",
            "ipv6_access_type": "",
            "ipv6_cidr_range": "",
            "log_config": [],
            "name": "restricted-subnet",
            "network": "https://www.googleapis.com/compute/v1/projects/jimmy-gcp-348513/global/networks/jimmy-vpc",
            "private_ip_google_access": false,
            "private_ipv6_google_access": "DISABLE_GOOGLE_ACCESS",
            "project": "jimmy-gcp-348513",
            "purpose": "PRIVATE",
            "region": "us-east1",
            "role": "",
            "secondary_ip_range": [
              {
                "ip_cidr_range": "10.0.3.0/24",
                "range_name": "pods"
              },
              {
                "ip_cidr_range": "10.0.4.0/24",
                "range_name": "services"
              }
            ],
            "self_link": "https://www.googleapis.com/compute/v1/projects/jimmy-gcp-348513/regions/us-east1/subnetworks/restricted-subnet",
            "stack_type": "IPV4_ONLY",
            "timeouts": null
          },
          "sensitive_attributes": [],
          "private": "eyJlMmJmYjczMC1lY2FhLTExZTYtOGY4OC0zNDM2M2JjN2M0YzAiOnsiY3JlYXRlIjoxMjAwMDAwMDAwMDAwLCJkZWxldGUiOjEyMDAwMDAwMDAwMDAsInVwZGF0ZSI6MTIwMDAwMDAwMDAwMH19",
          "dependencies": [
            "google_compute_network.jimmy-vpc"
          ]
        }
      ]
    },
    {
      "mode": "managed",
      "type": "google_container_cluster",
      "name": "jimmy-private-gke",
      "provider": "provider[\"registry.terraform.io/hashicorp/google\"]",
      "instances": [
        {
          "schema_version": 1,
          "attributes": {
            "addons_config": [
              {
                "cloudrun_config": [],
                "gcp_filestore_csi_driver_config": [],
                "horizontal_pod_autoscaling": [],
                "http_load_balancing": [],
                "network_policy_config": [
                  {
                    "disabled": true
                  }
                ]
              }
            ],
            "authenticator_groups_config": [],
            "cluster_autoscaling": [
              {
                "auto_provisioning_defaults": [],
                "enabled": false,
                "resource_limits": []
              }
            ],
            "cluster_ipv4_cidr": "10.0.3.0/24",
            "confidential_nodes": [],
            "database_encryption": [
              {
                "key_name": "",
                "state": "DECRYPTED"
              }
            ],
            "datapath_provider": "",
            "default_max_pods_per_node": 10,
            "default_snat_status": [
              {
                "disabled": false
              }
            ],
            "description": "",
            "dns_config": [],
            "enable_autopilot": false,
            "enable_binary_authorization": false,
            "enable_intranode_visibility": false,
            "enable_kubernetes_alpha": false,
            "enable_legacy_abac": false,
            "enable_shielded_nodes": true,
            "enable_tpu": false,
            "endpoint": "172.16.0.34",
            "id": "projects/jimmy-gcp-348513/locations/us-east1-b/clusters/jimmy-private-gke",
            "initial_node_count": 2,
            "ip_allocation_policy": [
              {
                "cluster_ipv4_cidr_block": "10.0.3.0/24",
                "cluster_secondary_range_name": "pods",
                "services_ipv4_cidr_block": "10.0.4.0/24",
                "services_secondary_range_name": "services"
              }
            ],
            "label_fingerprint": "a9dc16a7",
            "location": "us-east1-b",
            "logging_config": [
              {
                "enable_components": [
                  "SYSTEM_COMPONENTS",
                  "WORKLOADS"
                ]
              }
            ],
            "logging_service": "logging.googleapis.com/kubernetes",
            "maintenance_policy": [],
            "master_auth": [
              {
                "client_certificate": "",
                "client_certificate_config": [
                  {
                    "issue_client_certificate": false
                  }
                ],
                "client_key": "",
                "cluster_ca_certificate": "LS0tLS1CRUdJTiBDRVJUSUZJQ0FURS0tLS0tCk1JSUVMRENDQXBTZ0F3SUJBZ0lRZEpWSzU1ZEQxeFBFUHFsS2V5R3c2ekFOQmdrcWhraUc5dzBCQVFzRkFEQXYKTVMwd0t3WURWUVFERXlRek16TTFOV0V6WXkwMFltTmxMVFJrTTJRdFlqazNOQzA1WlRBNE1UVXpaalEyT0dVdwpJQmNOTWpJd05UQTJNakl4T0RRMldoZ1BNakExTWpBME1qZ3lNekU0TkRaYU1DOHhMVEFyQmdOVkJBTVRKRE16Ck16VTFZVE5qTFRSaVkyVXROR1F6WkMxaU9UYzBMVGxsTURneE5UTm1ORFk0WlRDQ0FhSXdEUVlKS29aSWh2Y04KQVFFQkJRQURnZ0dQQURDQ0FZb0NnZ0dCQUlrY29PUW5EbitGMFNOS2hOS0hycGhZTHRvRnRad1lkS3B0b3lmMApmcjdiSTdCcDN3S2R6QTF3Y3RnM0VkeSs0c1ViZXFOSWRZK05Xb1JqNXNqMFczdzlBaVRHckVLNWZ6TWN0TXhiCk9aaFpRMFB0QjJ0Tjh1aG9hdjdacUxZR0doZHdFMXowYlVVN3NsV0FyTDE4TE92SjlNczNpY29GVGVLTWFKdUUKc2hmTytPWVczc3dGaDlLbkdNcStHZENDT1VBYWI3OTVNeXlOa3lGWUoyQlBLZGE3U0RRb29ZNFNyVm9rb1Q0ZApLSnZEVU5UaWY5Qmd2RWJISXpOMHFLVUxTRzFtem8zRitmUXNtME05Rlo2R20rdjdIQjhjU2lLTkFTWFFGTmVvCm9uR3BMS2xpdXFCSE9ESnMwaktpaFpRUlNFQWo1WkNjMzBmMXc2bStNZlZXYU9uQWFLaUUwUlVoUGNSTzVNa04KSFBwYUtVemNHSTRHQVE1T0FDL2lSNU1aTDlVa1FzV2tKUTFqYUVnTW4rNUY0SHZ3RWJZbTRFek5GRmRpSFQyVApZSCtVV2ZHOHUzRDF3VTlBemkxVS85bzQrRjN2R21vL3g3WHRkdE81S2FxM01kdGhEL1dHRkVzNkFTNGVLUGRtCktlYVFuZ3prUnVnaTJyUGZkQTV1akpHMjZ3SURBUUFCbzBJd1FEQU9CZ05WSFE4QkFmOEVCQU1DQWdRd0R3WUQKVlIwVEFRSC9CQVV3QXdFQi96QWRCZ05WSFE0RUZnUVVneGRCbVZxMlNubS9zbnhMcW1SREhoVGROUGt3RFFZSgpLb1pJaHZjTkFRRUxCUUFEZ2dHQkFHV2J2ZmtOUmtTaVIwdFJjQURXdnJ2WnRBc2FBQjRtUlI4MUtzOEt4V3Y4CnpjczloK2VMRDhMdXNveWlLZ1owT09maWY3ZHlZd2IxVjlqV2JxRW05R3dlTmd6Y0xmeW4rN1V6TnlKTTBack8KWWRleHV6UnA3R29Na3hpUzMvaVBPNjBjUS9NRmE5ZzdabGtsaVN4ODNTN0Q0cGlVdXFYejYxWnhWdHhJa2dxWQo3VWVFRVdncXZTSElsNWhpaDY0TWN0UDJyOG9LMmN3QlZXZWdtUnk4WFJFWU5KSS91VjNmTXBEY3hIMEhEazZMCnVKYUM0SUFXQlAxaTV1UHZtM3d3NWJ4VGFYa1R4U3pWalZ4ZG9BNE1hb1RvZ0c0MVYwZjBDUEpETkRsbW9UUTcKWTg2ak1kRnRSR1NDdExBWUdNeTlFRE5jbzBMQ2JYcVVJU1pRUERsbjlDVC9IOGJMR0xaZUdlaGxZN1MzR3FvdApKTjkzUVpGbU9mZmNzeWtUTCtLbU1MMlJ2dzdWODBtOWxaSVlrM01YMWdPWTdORUVlTXNzZWFZQkxLNW9SVkQvCitkZnA4T2txbUhGUGptU1Mwb0t4ZElHaUg2d2ErRlBNMHY0Q0dFaWlOTDBiRlBmVXJ2YThNMlZuM3FJVWwxKzkKUEtDcWlwQlNPaWNJNW5wRnlQdDd5UT09Ci0tLS0tRU5EIENFUlRJRklDQVRFLS0tLS0K"
              }
            ],
            "master_authorized_networks_config": [
              {
                "cidr_blocks": [
                  {
                    "cidr_block": "10.0.1.4/32",
                    "display_name": ""
                  }
                ]
              }
            ],
            "master_version": "1.21.10-gke.2000",
            "min_master_version": null,
            "monitoring_config": [
              {
                "enable_components": [
                  "SYSTEM_COMPONENTS"
                ]
              }
            ],
            "monitoring_service": "monitoring.googleapis.com/kubernetes",
            "name": "jimmy-private-gke",
            "network": "projects/jimmy-gcp-348513/global/networks/jimmy-vpc",
            "network_policy": [
              {
                "enabled": false,
                "provider": "PROVIDER_UNSPECIFIED"
              }
            ],
            "networking_mode": "VPC_NATIVE",
            "node_config": [],
            "node_locations": [],
            "node_pool": [],
            "node_version": "1.21.10-gke.2000",
            "operation": null,
            "private_cluster_config": [
              {
                "enable_private_endpoint": true,
                "enable_private_nodes": true,
                "master_global_access_config": [
                  {
                    "enabled": false
                  }
                ],
                "master_ipv4_cidr_block": "172.16.0.32/28",
                "peering_name": "gke-n6474014b73359fbdb27-1110-0c2f-peer",
                "private_endpoint": "172.16.0.34",
                "public_endpoint": "34.73.94.185"
              }
            ],
            "private_ipv6_google_access": "",
            "project": "jimmy-gcp-348513",
            "release_channel": [
              {
                "channel": "REGULAR"
              }
            ],
            "remove_default_node_pool": true,
            "resource_labels": null,
            "resource_usage_export_config": [],
            "self_link": "https://container.googleapis.com/v1/projects/jimmy-gcp-348513/zones/us-east1-b/clusters/jimmy-private-gke",
            "services_ipv4_cidr": "10.0.4.0/24",
            "subnetwork": "projects/jimmy-gcp-348513/regions/us-east1/subnetworks/restricted-subnet",
            "timeouts": null,
            "tpu_ipv4_cidr_block": "",
            "vertical_pod_autoscaling": [],
            "workload_identity_config": [
              {
                "workload_pool": "jimmy-gcp-348513.svc.id.goog"
              }
            ]
          },
          "sensitive_attributes": [],
          "private": "eyJlMmJmYjczMC1lY2FhLTExZTYtOGY4OC0zNDM2M2JjN2M0YzAiOnsiY3JlYXRlIjoyNDAwMDAwMDAwMDAwLCJkZWxldGUiOjI0MDAwMDAwMDAwMDAsInJlYWQiOjI0MDAwMDAwMDAwMDAsInVwZGF0ZSI6MzYwMDAwMDAwMDAwMH0sInNjaGVtYV92ZXJzaW9uIjoiMSJ9"
        }
      ]
    },
    {
      "mode": "managed",
      "type": "google_container_node_pool",
      "name": "jimmy-node-pool",
      "provider": "provider[\"registry.terraform.io/hashicorp/google\"]",
      "instances": [
        {
          "schema_version": 1,
          "attributes": {
            "autoscaling": [],
            "cluster": "jimmy-private-gke",
            "id": "projects/jimmy-gcp-348513/locations/us-east1-b/clusters/jimmy-private-gke/nodePools/jimmy-node-pool",
            "initial_node_count": 2,
            "instance_group_urls": [
              "https://www.googleapis.com/compute/v1/projects/jimmy-gcp-348513/zones/us-east1-b/instanceGroupManagers/gke-jimmy-private-gke-jimmy-node-pool-71025285-grp"
            ],
            "location": "us-east1-b",
            "managed_instance_group_urls": [
              "https://www.googleapis.com/compute/v1/projects/jimmy-gcp-348513/zones/us-east1-b/instanceGroups/gke-jimmy-private-gke-jimmy-node-pool-71025285-grp"
            ],
            "management": [
              {
                "auto_repair": true,
                "auto_upgrade": true
              }
            ],
            "max_pods_per_node": 10,
            "name": "jimmy-node-pool",
            "name_prefix": "",
            "node_config": [
              {
                "boot_disk_kms_key": "",
                "disk_size_gb": 100,
                "disk_type": "pd-standard",
                "gcfs_config": [],
                "guest_accelerator": [],
                "gvnic": [],
                "image_type": "COS_CONTAINERD",
                "labels": {},
                "local_ssd_count": 0,
                "machine_type": "n1-standard-1",
                "metadata": {
                  "disable-legacy-endpoints": "true"
                },
                "min_cpu_platform": "",
                "node_group": "",
                "oauth_scopes": [
                  "https://www.googleapis.com/auth/cloud-platform"
                ],
                "preemptible": true,
                "service_account": "jimmy-sa2@jimmy-gcp-348513.iam.gserviceaccount.com",
                "shielded_instance_config": [
                  {
                    "enable_integrity_monitoring": true,
                    "enable_secure_boot": false
                  }
                ],
                "tags": null,
                "taint": [],
                "workload_metadata_config": [
                  {
                    "mode": "GKE_METADATA"
                  }
                ]
              }
            ],
            "node_count": 2,
            "node_locations": [
              "us-east1-b"
            ],
            "operation": null,
            "project": "jimmy-gcp-348513",
            "timeouts": null,
            "upgrade_settings": [
              {
                "max_surge": 1,
                "max_unavailable": 0
              }
            ],
            "version": "1.21.10-gke.2000"
          },
          "sensitive_attributes": [],
          "private": "eyJlMmJmYjczMC1lY2FhLTExZTYtOGY4OC0zNDM2M2JjN2M0YzAiOnsiY3JlYXRlIjoxODAwMDAwMDAwMDAwLCJkZWxldGUiOjE4MDAwMDAwMDAwMDAsInVwZGF0ZSI6MTgwMDAwMDAwMDAwMH0sInNjaGVtYV92ZXJzaW9uIjoiMSJ9",
          "dependencies": [
            "google_container_cluster.jimmy-private-gke",
            "google_service_account.jimmy-sa2"
          ]
        }
      ]
    },
    {
      "mode": "managed",
      "type": "google_project_iam_member",
      "name": "jimmy-iam",
      "provider": "provider[\"registry.terraform.io/hashicorp/google\"]",
      "instances": [
        {
          "schema_version": 0,
          "attributes": {
            "condition": [],
            "etag": "BwXeX9HLc/k=",
            "id": "jimmy-gcp-348513/roles/owner/serviceAccount:jimmy-sa2@jimmy-gcp-348513.iam.gserviceaccount.com",
            "member": "serviceAccount:jimmy-sa2@jimmy-gcp-348513.iam.gserviceaccount.com",
            "project": "jimmy-gcp-348513",
            "role": "roles/owner"
          },
          "sensitive_attributes": [],
          "private": "bnVsbA==",
          "dependencies": [
            "google_service_account.jimmy-sa2"
          ]
        }
      ]
    },
    {
      "mode": "managed",
      "type": "google_service_account",
      "name": "jimmy-sa2",
      "provider": "provider[\"registry.terraform.io/hashicorp/google\"]",
      "instances": [
        {
          "schema_version": 0,
          "attributes": {
            "account_id": "jimmy-sa2",
            "description": "",
            "disabled": false,
            "display_name": "jimmy",
            "email": "jimmy-sa2@jimmy-gcp-348513.iam.gserviceaccount.com",
            "id": "projects/jimmy-gcp-348513/serviceAccounts/jimmy-sa2@jimmy-gcp-348513.iam.gserviceaccount.com",
            "name": "projects/jimmy-gcp-348513/serviceAccounts/jimmy-sa2@jimmy-gcp-348513.iam.gserviceaccount.com",
            "project": "jimmy-gcp-348513",
            "timeouts": null,
            "unique_id": "118029076391219150362"
          },
          "sensitive_attributes": [],
          "private": "eyJlMmJmYjczMC1lY2FhLTExZTYtOGY4OC0zNDM2M2JjN2M0YzAiOnsiY3JlYXRlIjozMDAwMDAwMDAwMDB9fQ=="
        }
      ]
    },
    {
      "mode": "managed",
      "type": "google_service_account_iam_policy",
      "name": "jimmy-owner",
      "provider": "provider[\"registry.terraform.io/hashicorp/google\"]",
      "instances": [
        {
          "schema_version": 0,
          "attributes": {
            "etag": "BwXeX3FCuZI=",
            "id": "projects/jimmy-gcp-348513/serviceAccounts/jimmy-sa2@jimmy-gcp-348513.iam.gserviceaccount.com",
            "policy_data": "{\"bindings\":[{\"members\":[\"serviceAccount:jimmy-sa2@jimmy-gcp-348513.iam.gserviceaccount.com\"],\"role\":\"roles/owner\"}]}",
            "service_account_id": "projects/jimmy-gcp-348513/serviceAccounts/jimmy-sa2@jimmy-gcp-348513.iam.gserviceaccount.com"
          },
          "sensitive_attributes": [],
          "private": "bnVsbA==",
          "dependencies": [
            "data.google_iam_policy.owner",
            "google_service_account.jimmy-sa2"
          ]
        }
      ]
    }
  ]
}
